hash: cfa594d441cb6f4f64488dbd7304e3c2983f61f29e6aa72690c2711bc2d47afa
updated: 2016-06-21T17:10:18.656581055+01:00
imports:
- name: github.com/miekg/dns
  version: 5d001d020961ae1c184f9f8152fdc73810481677
- name: github.com/vharitonsky/iniflags
  version: 743d6901e7ca8ab61ac533a8c49939ac8b560e72
devImports: []
